// !$*UTF8*$!
{
	archiveVersion = 1;
	classes = {
	};
	objectVersion = 50;
	objects = {

/* Begin PBXBuildFile section */
		748C21DC244EA6490064D8F3 /* AppDelegate.m in Sources */ = {isa = PBXBuildFile; fileRef = 748C21DB244EA6490064D8F3 /* AppDelegate.m */; };
		748C21DF244EA6490064D8F3 /* SceneDelegate.m in Sources */ = {isa = PBXBuildFile; fileRef = 748C21DE244EA6490064D8F3 /* SceneDelegate.m */; };
		748C21E2244EA6490064D8F3 /* ViewController.m in Sources */ = {isa = PBXBuildFile; fileRef = 748C21E1244EA6490064D8F3 /* ViewController.m */; };
		748C21E5244EA6490064D8F3 /* Main.storyboard in Resources */ = {isa = PBXBuildFile; fileRef = 748C21E3244EA6490064D8F3 /* Main.storyboard */; };
		748C21E7244EA64A0064D8F3 /* Assets.xcassets in Resources */ = {isa = PBXBuildFile; fileRef = 748C21E6244EA64A0064D8F3 /* Assets.xcassets */; };
		748C21EA244EA64A0064D8F3 /* LaunchScreen.storyboard in Resources */ = {isa = PBXBuildFile; fileRef = 748C21E8244EA64A0064D8F3 /* LaunchScreen.storyboard */; };
		748C21ED244EA64A0064D8F3 /* main.m in Sources */ = {isa = PBXBuildFile; fileRef = 748C21EC244EA64A0064D8F3 /* main.m */; };
		748C21F5244EA71C0064D8F3 /* CPLabel.m in Sources */ = {isa = PBXBuildFile; fileRef = 748C21F4244EA71C0064D8F3 /* CPLabel.m */; };
/* End PBXBuildFile section */

/* Begin PBXFileReference section */
		748C21D7244EA6490064D8F3 /* CPLabel.app */ = {isa = PBXFileReference; explicitFileType = wrapper.application; includeInIndex = 0; path = CPLabel.app; sourceTree = BUILT_PRODUCTS_DIR; };
		748C21DA244EA6490064D8F3 /* AppDelegate.h */ = {isa = PBXFileReference; lastKnownFileType = sourcecode.c.h; path = AppDelegate.h; sourceTree = "<group>"; };
		748C21DB244EA6490064D8F3 /* AppDelegate.m */ = {isa = PBXFileReference; lastKnownFileType = sourcecode.c.objc; path = AppDelegate.m; sourceTree = "<group>"; };
		748C21DD244EA6490064D8F3 /* SceneDelegate.h */ = {isa = PBXFileReference; lastKnownFileType = sourcecode.c.h; path = SceneDelegate.h; sourceTree = "<group>"; };
		748C21DE244EA6490064D8F3 /* SceneDelegate.m */ = {isa = PBXFileReference; lastKnownFileType = sourcecode.c.objc; path = SceneDelegate.m; sourceTree = "<group>"; };
		748C21E0244EA6490064D8F3 /* ViewController.h */ = {isa = PBXFileReference; lastKnownFileType = sourcecode.c.h; path = ViewController.h; sourceTree = "<group>"; };
		748C21E1244EA6490064D8F3 /* ViewController.m */ = {isa = PBXFileReference; lastKnownFileType = sourcecode.c.objc; path = ViewController.m; sourceTree = "<group>"; };
		748C21E4244EA6490064D8F3 /* Base */ = {isa = PBXFileReference; lastKnownFileType = file.storyboard; name = Base; path = Base.lproj/Main.storyboard; sourceTree = "<group>"; };
		748C21E6244EA64A0064D8F3 /* Assets.xcassets */ = {isa = PBXFileReference; lastKnownFileType = folder.assetcatalog; path = Assets.xcassets; sourceTree = "<group>"; };
		748C21E9244EA64A0064D8F3 /* Base */ = {isa = PBXFileReference; lastKnownFileType = file.storyboard; name = Base; path = Base.lproj/LaunchScreen.storyboard; sourceTree = "<group>"; };
		748C21EB244EA64A0064D8F3 /* Info.plist */ = {isa = PBXFileReference; lastKnownFileType = text.plist.xml; path = Info.plist; sourceTree = "<group>"; };
		748C21EC244EA64A0064D8F3 /* main.m */ = {isa = PBXFileReference; lastKnownFileType = sourcecode.c.objc; path = main.m; sourceTree = "<group>"; };
		748C21F3244EA71C0064D8F3 /* CPLabel.h */ = {isa = PBXFileReference; lastKnownFileType = sourcecode.c.h; path = CPLabel.h; sourceTree = "<group>"; };
		748C21F4244EA71C0064D8F3 /* CPLabel.m */ = {isa = PBXFileReference; lastKnownFileType = sourcecode.c.objc; path = CPLabel.m; sourceTree = "<group>"; };
/* End PBXFileReference section */

/* Begin PBXFrameworksBuildPhase section */
		748C21D4244EA6490064D8F3 /* Frameworks */ = {
			isa = PBXFrameworksBuildPhase;
			buildActionMask = 2147483647;
			files = (
			);
			runOnlyForDeploymentPostprocessing = 0;
		};
/* End PBXFrameworksBuildPhase section */

/* Begin PBXGroup section */
		748C21CE244EA6490064D8F3 = {
			isa = PBXGroup;
			children = (
				748C21D9244EA6490064D8F3 /* CPLabel */,
				748C21D8244EA6490064D8F3 /* Products */,
			);
			sourceTree = "<group>";
		};
		748C21D8244EA6490064D8F3 /* Products */ = {
			isa = PBXGroup;
			children = (
				748C21D7244EA6490064D8F3 /* CPLabel.app */,
			);
			name = Products;
			sourceTree = "<group>";
		};
		748C21D9244EA6490064D8F3 /* CPLabel */ = {
			isa = PBXGroup;
			children = (
				748C21DA244EA6490064D8F3 /* AppDelegate.h */,
				748C21DB244EA6490064D8F3 /* AppDelegate.m */,
				748C21DD244EA6490064D8F3 /* SceneDelegate.h */,
				748C21DE244EA6490064D8F3 /* SceneDelegate.m */,
				748C21E0244EA6490064D8F3 /* ViewController.h */,
				748C21E1244EA6490064D8F3 /* ViewController.m */,
				748C21F3244EA71C0064D8F3 /* CPLabel.h */,
				748C21F4244EA71C0064D8F3 /* CPLabel.m */,
				748C21E3244EA6490064D8F3 /* Main.storyboard */,
				748C21E6244EA64A0064D8F3 /* Assets.xcassets */,
				748C21E8244EA64A0064D8F3 /* LaunchScreen.storyboard */,
				748C21EB244EA64A0064D8F3 /* Info.plist */,
				748C21EC244EA64A0064D8F3 /* main.m */,
			);
			path = CPLabel;
			sourceTree = "<group>";
		};
/* End PBXGroup section */

/* Begin PBXNativeTarget section */
		748C21D6244EA6490064D8F3 /* CPLabel */ = {
			isa = PBXNativeTarget;
			buildConfigurationList = 748C21F0244EA64A0064D8F3 /* Build configuration list for PBXNativeTarget "CPLabel" */;
			buildPhases = (
				748C21D3244EA6490064D8F3 /* Sources */,
				748C21D4244EA6490064D8F3 /* Frameworks */,
				748C21D5244EA6490064D8F3 /* Resources */,
			);
			buildRules = (
			);
			dependencies = (
			);
			name = CPLabel;
			productName = CPLabel;
			productReference = 748C21D7244EA6490064D8F3 /* CPLabel.app */;
			productType = "com.apple.product-type.application";
		};
/* End PBXNativeTarget section */

/* Begin PBXProject section */
		748C21CF244EA6490064D8F3 /* Project object */ = {
			isa = PBXProject;
			attributes = {
				LastUpgradeCheck = 1120;
				ORGANIZATIONNAME = "凌甜";
				TargetAttributes = {
					748C21D6244EA6490064D8F3 = {
						CreatedOnToolsVersion = 11.2.1;
					};
				};
			};
			buildConfigurationList = 748C21D2244EA6490064D8F3 /* Build configuration list for PBXProject "CPLabel" */;
			compatibilityVersion = "Xcode 9.3";
			developmentRegion = en;
			hasScannedForEncodings = 0;
			knownRegions = (
				en,
				Base,
			);
			mainGroup = 748C21CE244EA6490064D8F3;
			productRefGroup = 748C21D8244EA6490064D8F3 /* Products */;
			projectDirPath = "";
			projectRoot = "";
			targets = (
				748C21D6244EA6490064D8F3 /* CPLabel */,
			);
		};
/* End PBXProject section */

/* Begin PBXResourcesBuildPhase section */
		748C21D5244EA6490064D8F3 /* Resources */ = {
			isa = PBXResourcesBuildPhase;
			buildActionMask = 2147483647;
			files = (
				748C21EA244EA64A0064D8F3 /* LaunchScreen.storyboard in Resources */,
				748C21E7244EA64A0064D8F3 /* Assets.xcassets in Resources */,
				748C21E5244EA6490064D8F3 /* Main.storyboard in Resources */,
			);
			runOnlyForDeploymentPostprocessing = 0;
		};
/* End PBXResourcesBuildPhase section */

/* Begin PBXSourcesBuildPhase section */
		748C21D3244EA6490064D8F3 /* Sources */ = {
			isa = PBXSourcesBuildPhase;
			buildActionMask = 2147483647;
			files = (
				748C21E2244EA6490064D8F3 /* ViewController.m in Sources */,
				748C21DC244EA6490064D8F3 /* AppDelegate.m in Sources */,
				748C21ED244EA64A0064D8F3 /* main.m in Sources */,
				748C21F5244EA71C0064D8F3 /* CPLabel.m in Sources */,
				748C21DF244EA6490064D8F3 /* SceneDelegate.m in Sources */,
			);
			runOnlyForDeploymentPostprocessing = 0;
		};
/* End PBXSourcesBuildPhase section */

/* Begin PBXVariantGroup section */
		748C21E3244EA6490064D8F3 /* Main.storyboard */ = {
			isa = PBXVariantGroup;
			children = (
				748C21E4244EA6490064D8F3 /* Base */,
			);
			name = Main.storyboard;
			sourceTree = "<group>";
		};
		748C21E8244EA64A0064D8F3 /* LaunchScreen.storyboard */ = {
			isa = PBXVariantGroup;
			children = (
				748C21E9244EA64A0064D8F3 /* Base */,
			);
			name = LaunchScreen.storyboard;
			sourceTree = "<group>";
		};
/* End PBXVariantGroup section */

/* Begin XCBuildConfiguration section */
		748C21EE244EA64A0064D8F3 /* Debug */ = {
			isa = XCBuildConfiguration;
			buildSettings = {
				ALWAYS_SEARCH_USER_PATHS = NO;
				CLANG_ANALYZER_NONNULL = YES;
				CLANG_ANALYZER_NUMBER_OBJECT_CONVERSION = YES_AGGRESSIVE;
				CLANG_CXX_LANGUAGE_STANDARD = "gnu++14";
				CLANG_CXX_LIBRARY = "libc++";
				CLANG_ENABLE_MODULES = YES;
				CLANG_ENABLE_OBJC_ARC = YES;
				CLANG_ENABLE_OBJC_WEAK = YES;
				CLANG_WARN_BLOCK_CAPTURE_AUTORELEASING = YES;
				CLANG_WARN_BOOL_CONVERSION = YES;
				CLANG_WARN_COMMA = YES;
				CLANG_WARN_CONSTANT_CONVERSION = YES;
				CLANG_WARN_DEPRECATED_OBJC_IMPLEMENTATIONS = YES;
				CLANG_WARN_DIRECT_OBJC_ISA_USAGE = YES_ERROR;
				CLANG_WARN_DOCUMENTATION_COMMENTS = YES;
				CLANG_WARN_EMPTY_BODY = YES;
				CLANG_WARN_ENUM_CONVERSION = YES;
				CLANG_WARN_INFINITE_RECURSION = YES;
				CLANG_WARN_INT_CONVERSION = YES;
				CLANG_WARN_NON_LITERAL_NULL_CONVERSION = YES;
				CLANG_WARN_OBJC_IMPLICIT_RETAIN_SELF = YES;
				CLANG_WARN_OBJC_LITERAL_CONVERSION = YES;
				CLANG_WARN_OBJC_ROOT_CLASS = YES_ERROR;
				CLANG_WARN_RANGE_LOOP_ANALYSIS = YES;
				CLANG_WARN_STRICT_PROTOTYPES = YES;
				CLANG_WARN_SUSPICIOUS_MOVE = YES;
				CLANG_WARN_UNGUARDED_AVAILABILITY = YES_AGGRESSIVE;
				CLANG_WARN_UNREACHABLE_CODE = YES;
				CLANG_WARN__DUPLICATE_METHOD_MATCH = YES;
				COPY_PHASE_STRIP = NO;
				DEBUG_INFORMATION_FORMAT = dwarf;
				ENABLE_STRICT_OBJC_MSGSEND = YES;
				ENABLE_TESTABILITY = YES;
				GCC_C_LANGUAGE_STANDARD = gnu11;
				GCC_DYNAMIC_NO_PIC = NO;
				GCC_NO_COMMON_BLOCKS = YES;
				GCC_OPTIMIZATION_LEVEL = 0;
				GCC_PREPROCESSOR_DEFINITIONS = (
					"DEBUG=1",
					"$(inherited)",
				);
				GCC_WARN_64_TO_32_BIT_CONVERSION = YES;
				GCC_WARN_ABOUT_RETURN_TYPE = YES_ERROR;
				GCC_WARN_UNDECLARED_SELECTOR = YES;
				GCC_WARN_UNINITIALIZED_AUTOS = YES_AGGRESSIVE;
				GCC_WARN_UNUSED_FUNCTION = YES;
				GCC_WARN_UNUSED_VARIABLE = YES;
				IPHONEOS_DEPLOYMENT_TARGET = 13.2;
				MTL_ENABLE_DEBUG_INFO = INCLUDE_SOURCE;
				MTL_FAST_MATH = YES;
				ONLY_ACTIVE_ARCH = YES;
				SDKROOT = iphoneos;
			};
			name = Debug;
		};
		748C21EF244EA64A0064D8F3 /* Release */ = {
			isa = XCBuildConfiguration;
			buildSettings = {
				ALWAYS_SEARCH_USER_PATHS = NO;
				CLANG_ANALYZER_NONNULL = YES;
				CLANG_ANALYZER_NUMBER_OBJECT_CONVERSION = YES_AGGRESSIVE;
				CLANG_CXX_LANGUAGE_STANDARD = "gnu++14";
				CLANG_CXX_LIBRARY = "libc++";
				CLANG_ENABLE_MODULES = YES;
				CLANG_ENABLE_OBJC_ARC = YES;
				CLANG_ENABLE_OBJC_WEAK = YES;
				CLANG_WARN_BLOCK_CAPTURE_AUTORELEASING = YES;
				CLANG_WARN_BOOL_CONVERSION = YES;
				CLANG_WARN_COMMA = YES;
				CLANG_WARN_CONSTANT_CONVERSION = YES;
				CLANG_WARN_DEPRECATED_OBJC_IMPLEMENTATIONS = YES;
				CLANG_WARN_DIRECT_OBJC_ISA_USAGE = YES_ERROR;
				CLANG_WARN_DOCUMENTATION_COMMENTS = YES;
				CLANG_WARN_EMPTY_BODY = YES;
				CLANG_WARN_ENUM_CONVERSION = YES;
				CLANG_WARN_INFINITE_RECURSION = YES;
				CLANG_WARN_INT_CONVERSION = YES;
				CLANG_WARN_NON_LITERAL_NULL_CONVERSION = YES;
				CLANG_WARN_OBJC_IMPLICIT_RETAIN_SELF = YES;
				CLANG_WARN_OBJC_LITERAL_CONVERSION = YES;
				CLANG_WARN_OBJC_ROOT_CLASS = YES_ERROR;
				CLANG_WARN_RANGE_LOOP_ANALYSIS = YES;
				CLANG_WARN_STRICT_PROTOTYPES = YES;
				CLANG_WARN_SUSPICIOUS_MOVE = YES;
				CLANG_WARN_UNGUARDED_AVAILABILITY = YES_AGGRESSIVE;
				CLANG_WARN_UNREACHABLE_CODE = YES;
				CLANG_WARN__DUPLICATE_METHOD_MATCH = YES;
				COPY_PHASE_STRIP = NO;
				DEBUG_INFORMATION_FORMAT = "dwarf-with-dsym";
				ENABLE_NS_ASSERTIONS = NO;
				ENABLE_STRICT_OBJC_MSGSEND = YES;
				GCC_C_LANGUAGE_STANDARD = gnu11;
				GCC_NO_COMMON_BLOCKS = YES;
				GCC_WARN_64_TO_32_BIT_CONVERSION = YES;
				GCC_WARN_ABOUT_RETURN_TYPE = YES_ERROR;
				GCC_WARN_UNDECLARED_SELECTOR = YES;
				GCC_WARN_UNINITIALIZED_AUTOS = YES_AGGRESSIVE;
				GCC_WARN_UNUSED_FUNCTION = YES;
				GCC_WARN_UNUSED_VARIABLE = YES;
				IPHONEOS_DEPLOYMENT_TARGET = 13.2;
				MTL_ENABLE_DEBUG_INFO = NO;
				MTL_FAST_MATH = YES;
				SDKROOT = iphoneos;
				VALIDATE_PRODUCT = YES;
			};
			name = Release;
		};
		748C21F1244EA64A0064D8F3 /* Debug */ = {
			isa = XCBuildConfiguration;
			buildSettings = {
				ASSETCATALOG_COMPILER_APPICON_NAME = AppIcon;
				CODE_SIGN_STYLE = Automatic;
				DEVELOPMENT_TEAM = 6J4CLTZJR3;
				INFOPLIST_FILE = CPLabel/Info.plist;
				LD_RUNPATH_SEARCH_PATHS = (
					"$(inherited)",
					"@executable_path/Frameworks",
				);
				PRODUCT_BUNDLE_IDENTIFIER = com.CPLabel;
				PRODUCT_NAME = "$(TARGET_NAME)";
				TARGETED_DEVICE_FAMILY = "1,2";
			};
			name = Debug;
		};
		748C21F2244EA64A0064D8F3 /* Release */ = {
			isa = XCBuildConfiguration;
			buildSettings = {
				ASSETCATALOG_COMPILER_APPICON_NAME = AppIcon;
				CODE_SIGN_STYLE = Automatic;
				DEVELOPMENT_TEAM = 6J4CLTZJR3;
				INFOPLIST_FILE = CPLabel/Info.plist;
				LD_RUNPATH_SEARCH_PATHS = (
					"$(inherited)",
					"@executable_path/Frameworks",
				);
				PRODUCT_BUNDLE_IDENTIFIER = com.CPLabel;
				PRODUCT_NAME = "$(TARGET_NAME)";
				TARGETED_DEVICE_FAMILY = "1,2";
			};
			name = Release;
		};
/* End XCBuildConfiguration section */

/* Begin XCConfigurationList section */
		748C21D2244EA6490064D8F3 /* Build configuration list for PBXProject "CPLabel" */ = {
			isa = XCConfigurationList;
			buildConfigurations = (
				748C21EE244EA64A0064D8F3 /* Debug */,
				748C21EF244EA64A0064D8F3 /* Release */,
			);
			defaultConfigurationIsVisible = 0;
			defaultConfigurationName = Release;
		};
		748C21F0244EA64A0064D8F3 /* Build configuration list for PBXNativeTarget "CPLabel" */ = {
			isa = XCConfigurationList;
			buildConfigurations = (
				748C21F1244EA64A0064D8F3 /* Debug */,
				748C21F2244EA64A0064D8F3 /* Release */,
			);
			defaultConfigurationIsVisible = 0;
			defaultConfigurationName = Release;
		};
/* End XCConfigurationList section */
	};
	rootObject = 748C21CF244EA6490064D8F3 /* Project object */;
}
